hash: e9e1ff99543c441c5422b9253e20c12a474d18c70e7349e00b03299ee58c84de
updated: 2016-11-10T11:51:57.228809778-07:00
imports:
- name: github.com/cloudfoundry/bosh-agent
  version: c3f3bc8ffd6053d1b5b367514f91c0ccb6d85725
  subpackages:
  - agentclient
  - agentclient/applyspec
  - agentclient/http
  - platform/deviceutil
  - platform/disk
  - settings
- name: github.com/cloudfoundry/bosh-davcli
  version: 6b59ec2bb903b5fe532104fce7258559d8891ce2
  subpackages:
  - client
  - config
- name: github.com/cloudfoundry/bosh-init
  version: afa267bec2ba83d7572075ca34ac4c000a29023d
  repo: https://github.com/enaml-ops/bosh-init.git
  vcs: git
  subpackages:
  - blobstore
  - cloud
  - cmd
  - common/net
  - common/util
  - config
  - cpi/release
  - crypto
  - deployment
  - deployment/disk
  - deployment/instance
  - deployment/instance/state
  - deployment/manifest
  - deployment/release
  - deployment/sshtunnel
  - deployment/vm
  - index
  - installation
  - installation/blobextract
  - installation/manifest
  - installation/pkg
  - installation/tarball
  - logger
  - registry
  - release
  - release/job
  - release/job/manifest
  - release/manifest
  - release/pkg
  - release/set/manifest
  - state/job
  - state/pkg
  - stemcell
  - templatescompiler
  - templatescompiler/erbrenderer
  - ui
  - ui/fmt
- name: github.com/cloudfoundry/bosh-utils
  version: 99c230d990674e484143e3b1452576912ab55380
  subpackages:
  - blobstore
  - errors
  - fileutil
  - http
  - httpclient
  - logger
  - logger/file
  - property
  - retrystrategy
  - system
  - uuid
- name: github.com/cloudfoundry/gofileutils
  version: 511ba4f8a696af09fe7637d0f303675a246232ee
  subpackages:
  - glob
- name: github.com/enaml-ops/enaml
  version: 354a165b4ef98f0e154b6a0d8e8a54138abac102
  subpackages:
  - cloudproperties/aws
  - cloudproperties/azure
  - enamlbosh
- name: github.com/enaml-ops/pluginlib
  version: 0aef30e4611e3f1362c804e6fc8a35cee4e002b4
  subpackages:
  - cloudconfig
  - cloudconfigv1
  - cred
  - pcli
  - pluginutil
  - product
  - productv1
  - registry
- name: github.com/golang/protobuf
  version: 87c000235d3d852c1628dc9490cd21ab36a7d69f
  subpackages:
  - proto
- name: github.com/hashicorp/go-plugin
  version: 8cf118f7a2f0c7ef1c82f66d4f6ac77c7e27dc12
- name: github.com/hashicorp/yamux
  version: d1caa6c97c9fc1cc9e83bbe34d0603f9ff0ce8bd
- name: github.com/kr/fs
  version: 2788f0dbd16903de03cb8186e5c7d97b69ad387b
- name: github.com/mattn/go-runewidth
  version: d6bea18f789704b5f83375793155289da36a3c7f
- name: github.com/nu7hatch/gouuid
  version: 179d4d0c4d8d407a32af483c2354df1d2c91e6c3
- name: github.com/olekukonko/tablewriter
  version: bdcc175572fd7abece6c831e643891b9331bc9e7
- name: github.com/onsi/ginkgo
  version: c07a44f02cf4a895e331f4f473c0943ee116c668
  subpackages:
  - config
  - internal/codelocation
  - internal/containernode
  - internal/failer
  - internal/leafnodes
  - internal/remote
  - internal/spec
  - internal/specrunner
  - internal/suite
  - internal/testingtproxy
  - internal/writer
  - reporters
  - reporters/stenographer
  - reporters/stenographer/support/go-colorable
  - reporters/stenographer/support/go-isatty
  - types
- name: github.com/onsi/gomega
  version: ff4bc6b6f9f5affa66635cd04d31d2a7ee21ffd6
  subpackages:
  - format
  - ghttp
  - internal/assertion
  - internal/asyncassertion
  - internal/oraclematcher
  - internal/testingtsupport
  - matchers
  - matchers/support/goraph/bipartitegraph
  - matchers/support/goraph/edge
  - matchers/support/goraph/node
  - matchers/support/goraph/util
  - types
- name: github.com/op/go-logging
  version: 970db520ece77730c7e4724c61121037378659d9
- name: github.com/pivotal-golang/clock
  version: e0835a7d46f9ea781e764f0dc9325110e32a97dd
- name: github.com/pivotal-golang/yaml
  version: 8b09e4a33107d942293b5ef6f32254124ccaf8a8
- name: github.com/pivotalservices/gtils
  version: 65c0f332bafc62dc7e1824982ac31b5c21f927b2
  subpackages:
  - command
  - osutils
- name: github.com/pkg/errors
  version: 248dadf4e9068a0b3e79f02ed0a610d935de5302
- name: github.com/pkg/sftp
  version: 4d0e916071f68db74f8a73926335f809396d6b42
- name: github.com/square/certstrap
  version: b6aef507a0840bf78bac99e7ffa6e6eb5c2c3c9f
  subpackages:
  - pkix
- name: github.com/xchapter7x/lo
  version: e33b245fc7a8186582208abc2458c2691bff681c
- name: golang.org/x/crypto
  version: bfc286917c5fcb7420d7e3092b50bbfd31b38a98
  subpackages:
  - ssh
- name: golang.org/x/net
  version: e7b14352cc2ad797a09634fc0f1dd12942fa86de
  subpackages:
  - context
- name: golang.org/x/oauth2
  version: 1e695b1c8febf17aad3bfa7bf0a819ef94b98ad5
  subpackages:
  - internal
- name: google.golang.org/appengine
  version: 4f7eeb5305a4ba1966344836ba4af9996b7b4e05
  subpackages:
  - internal
  - internal/base
  - internal/datastore
  - internal/log
  - internal/remote_api
  - internal/urlfetch
  - urlfetch
- name: gopkg.in/urfave/cli.v2
  version: c72728f42438425ffcd487986936357e17ebba3f
- name: gopkg.in/yaml.v2
  version: a5b47d31c556af34a302ce5d659e6fea44d90de0
testImports:
- name: golang.org/x/sys
  version: c200b10b5d5e122be351b67af224adc6128af5bf
  subpackages:
  - unix
