hash: 73f822656d0adbec547b117b3b6289bf8cd2e770352dc5ee29fabfdb8fc09add
updated: 2016-05-26T22:10:11.332809301-07:00
imports:
- name: github.com/cloudfoundry/bosh-agent
  version: c3f3bc8ffd6053d1b5b367514f91c0ccb6d85725
  subpackages:
  - agentclient/http
  - agentclient
  - agentclient/applyspec
  - settings
  - platform/disk
  - platform/deviceutil
- name: github.com/cloudfoundry/bosh-davcli
  version: 6b59ec2bb903b5fe532104fce7258559d8891ce2
  subpackages:
  - client
  - config
- name: github.com/cloudfoundry/bosh-init
  version: afa267bec2ba83d7572075ca34ac4c000a29023d
  repo: https://github.com/sneal/bosh-init.git
  vcs: git
  subpackages:
  - cmd
  - logger
  - ui
  - ui/fmt
  - blobstore
  - cloud
  - config
  - cpi/release
  - crypto
  - deployment
  - deployment/disk
  - deployment/instance
  - deployment/instance/state
  - deployment/manifest
  - deployment/release
  - deployment/sshtunnel
  - deployment/vm
  - index
  - installation
  - installation/manifest
  - installation/tarball
  - registry
  - release
  - release/set/manifest
  - state/pkg
  - stemcell
  - templatescompiler
  - templatescompiler/erbrenderer
  - release/job
  - release/pkg
  - state/job
  - common/net
  - common/util
  - installation/blobextract
  - installation/pkg
  - release/manifest
  - release/job/manifest
- name: github.com/cloudfoundry/bosh-utils
  version: 99c230d990674e484143e3b1452576912ab55380
  subpackages:
  - blobstore
  - errors
  - fileutil
  - httpclient
  - logger
  - logger/file
  - property
  - retrystrategy
  - system
  - uuid
  - http
- name: github.com/cloudfoundry/gofileutils
  version: 94cb17960d629e2ca9a67d381228ec499966a69b
  subpackages:
  - glob
- name: github.com/codegangsta/cli
  version: 595ba45e735c1e9c1f9ddc9e2ef21997fca893f2
- name: github.com/enaml-ops/enaml
  version: master 
  subpackages:
  - cloudproperties/aws
  - cloudproperties/azure
  - enamlbosh
- name: github.com/hashicorp/go-plugin
  version: cccb4a1328abbb89898f3ecf4311a05bddc4de6d
- name: github.com/hashicorp/yamux
  version: 172cde3b6ca5c154ff4e6e2ef96b7451332a9946
- name: github.com/kr/fs
  version: 2788f0dbd16903de03cb8186e5c7d97b69ad387b
- name: github.com/nu7hatch/gouuid
  version: 179d4d0c4d8d407a32af483c2354df1d2c91e6c3
- name: github.com/onsi/ginkgo
  version: 5437a97bf824dec14e58d68c56ee36e772670c2e
- name: github.com/onsi/gomega
  version: c73e51675ad2455a4515b6213eb7145eaade4824
- name: github.com/op/go-logging
  version: 970db520ece77730c7e4724c61121037378659d9
- name: github.com/pivotal-golang/clock
  version: 3fd3c1944c59d9742e1cd333672181cd1a6f9fa0
- name: github.com/pivotal-golang/yaml
  version: 8b09e4a33107d942293b5ef6f32254124ccaf8a8
- name: github.com/pivotalservices/gtils
  version: 0370901aca28d8df6fe01b40e0baab574d172270
  subpackages:
  - osutils
  - command
- name: github.com/pkg/errors
  version: 431554f80b8ecf5058547f6c65b87fad81d90b03
- name: github.com/pkg/sftp
  version: dfb5f84e82365817319e43a24df2caab12ea0d10
- name: github.com/xchapter7x/lo
  version: aa2602d0e8e8647f0ce7b53109b37040941915aa
- name: golang.org/x/crypto
  version: 5bcd134fee4dd1475da17714aac19c0aa0142e2f
  subpackages:
  - ssh
  - curve25519
  - ed25519
  - ed25519/internal/edwards25519
- name: gopkg.in/yaml.v2
  version: a83829b6f1293c91addabc89d0571c246397bbf4
devImports: []
